
Microsoft Visual Studio Solution File, Format Version 12.00
# Visual Studio Version 17
Project("{8BC9CEB8-8B4A-11D0-8D11-00A0C91BC942}") = "Aku", "Aku\Aku.vcxproj", "{A6D5870B-12DF-877C-9B5A-9E7C0763937C}"
EndProject
Project("{8BC9CEB8-8B4A-11D0-8D11-00A0C91BC942}") = "TestGame", "TestGame\TestGame.vcxproj", "{BF10A474-ABDD-FE7F-D4F6-EC27C022340E}"
EndProject
Global
	GlobalSection(SolutionConfigurationPlatforms) = preSolution
		Debug|x64 = Debug|x64
		Dist|x64 = Dist|x64
		Release|x64 = Release|x64
	EndGlobalSection
	GlobalSection(ProjectConfigurationPlatforms) = postSolution
		{A6D5870B-12DF-877C-9B5A-9E7C0763937C}.Debug|x64.ActiveCfg = Debug|x64
		{A6D5870B-12DF-877C-9B5A-9E7C0763937C}.Debug|x64.Build.0 = Debug|x64
		{A6D5870B-12DF-877C-9B5A-9E7C0763937C}.Dist|x64.ActiveCfg = Dist|x64
		{A6D5870B-12DF-877C-9B5A-9E7C0763937C}.Dist|x64.Build.0 = Dist|x64
		{A6D5870B-12DF-877C-9B5A-9E7C0763937C}.Release|x64.ActiveCfg = Release|x64
		{A6D5870B-12DF-877C-9B5A-9E7C0763937C}.Release|x64.Build.0 = Release|x64
		{BF10A474-ABDD-FE7F-D4F6-EC27C022340E}.Debug|x64.ActiveCfg = Debug|x64
		{BF10A474-ABDD-FE7F-D4F6-EC27C022340E}.Debug|x64.Build.0 = Debug|x64
		{BF10A474-ABDD-FE7F-D4F6-EC27C022340E}.Dist|x64.ActiveCfg = Dist|x64
		{BF10A474-ABDD-FE7F-D4F6-EC27C022340E}.Dist|x64.Build.0 = Dist|x64
		{BF10A474-ABDD-FE7F-D4F6-EC27C022340E}.Release|x64.ActiveCfg = Release|x64
		{BF10A474-ABDD-FE7F-D4F6-EC27C022340E}.Release|x64.Build.0 = Release|x64
	EndGlobalSection
	GlobalSection(SolutionProperties) = preSolution
		HideSolutionNode = FALSE
	EndGlobalSection
EndGlobal
