<?xml version="1.0" encoding="utf-8"?>
<Project ToolsVersion="4.0" xmlns="http://schemas.microsoft.com/developer/msbuild/2003">
  <ItemGroup>
    <Filter Include="Aku">
      <UniqueIdentifier>{A6D5870B-12DF-877C-9B5A-9E7C0763937C}</UniqueIdentifier>
    </Filter>
    <Filter Include="Aku\Events">
      <UniqueIdentifier>{CAEAEBB1-B6A2-2DFF-1FAA-065B0B81C8EF}</UniqueIdentifier>
    </Filter>
  </ItemGroup>
  <ItemGroup>
    <ClInclude Include="src\Aku.h" />
    <ClInclude Include="src\Aku\Application.h">
      <Filter>Aku</Filter>
    </ClInclude>
    <ClInclude Include="src\Aku\Core.h">
      <Filter>Aku</Filter>
    </ClInclude>
    <ClInclude Include="src\Aku\EntryPoint.h">
      <Filter>Aku</Filter>
    </ClInclude>
    <ClInclude Include="src\Aku\Events\ApplicationEvent.h">
      <Filter>Aku\Events</Filter>
    </ClInclude>
    <ClInclude Include="src\Aku\Events\Event.h">
      <Filter>Aku\Events</Filter>
    </ClInclude>
    <ClInclude Include="src\Aku\Events\KeyEvent.h">
      <Filter>Aku\Events</Filter>
    </ClInclude>
    <ClInclude Include="src\Aku\Events\MouseEvent.h">
      <Filter>Aku\Events</Filter>
    </ClInclude>
    <ClInclude Include="src\Aku\Log.h">
      <Filter>Aku</Filter>
    </ClInclude>
    <ClInclude Include="src\akpch.h" />
  </ItemGroup>
  <ItemGroup>
    <ClCompile Include="src\Aku\Application.cpp">
      <Filter>Aku</Filter>
    </ClCompile>
    <ClCompile Include="src\Aku\Log.cpp">
      <Filter>Aku</Filter>
    </ClCompile>
    <ClCompile Include="src\akpch.cpp" />
  </ItemGroup>
</Project>